// !$*UTF8*$!
{
	archiveVersion = 1;
	classes = {
	};
	objectVersion = 51;
	objects = {

/* Begin PBXBuildFile section */
		4357B1EE26846621007A59AE /* MainCell.swift in Sources */ = {isa = PBXBuildFile; fileRef = 4357B1ED26846621007A59AE /* MainCell.swift */; };
		4357B1F626846B4A007A59AE /* SearchImageTests.swift in Sources */ = {isa = PBXBuildFile; fileRef = 4357B1F526846B4A007A59AE /* SearchImageTests.swift */; };
		4357B20426846B59007A59AE /* SearchImageUITests.swift in Sources */ = {isa = PBXBuildFile; fileRef = 4357B20326846B59007A59AE /* SearchImageUITests.swift */; };
		4357B20C26849570007A59AE /* DetailViewController.swift in Sources */ = {isa = PBXBuildFile; fileRef = 4357B20B26849570007A59AE /* DetailViewController.swift */; };
		4357B20E26857AF6007A59AE /* DetailCell.swift in Sources */ = {isa = PBXBuildFile; fileRef = 4357B20D26857AF6007A59AE /* DetailCell.swift */; };
		4357B210268589AD007A59AE /* MainViewModel.swift in Sources */ = {isa = PBXBuildFile; fileRef = 4357B20F268589AD007A59AE /* MainViewModel.swift */; };
		4357B212268589BB007A59AE /* DetailViewModel.swift in Sources */ = {isa = PBXBuildFile; fileRef = 4357B211268589BB007A59AE /* DetailViewModel.swift */; };
		4357B21426858A95007A59AE /* SearchModel.swift in Sources */ = {isa = PBXBuildFile; fileRef = 4357B21326858A95007A59AE /* SearchModel.swift */; };
		4357B21726859D29007A59AE /* BaseAPI.swift in Sources */ = {isa = PBXBuildFile; fileRef = 4357B21626859D29007A59AE /* BaseAPI.swift */; };
		43D8345726845A74005895DD /* AppDelegate.swift in Sources */ = {isa = PBXBuildFile; fileRef = 43D8345626845A74005895DD /* AppDelegate.swift */; };
		43D8345926845A74005895DD /* SceneDelegate.swift in Sources */ = {isa = PBXBuildFile; fileRef = 43D8345826845A74005895DD /* SceneDelegate.swift */; };
		43D8345B26845A74005895DD /* MainViewController.swift in Sources */ = {isa = PBXBuildFile; fileRef = 43D8345A26845A74005895DD /* MainViewController.swift */; };
		43D8345E26845A74005895DD /* Main.storyboard in Resources */ = {isa = PBXBuildFile; fileRef = 43D8345C26845A74005895DD /* Main.storyboard */; };
		43D8346026845A75005895DD /* Assets.xcassets in Resources */ = {isa = PBXBuildFile; fileRef = 43D8345F26845A75005895DD /* Assets.xcassets */; };
		43D8346326845A75005895DD /* LaunchScreen.storyboard in Resources */ = {isa = PBXBuildFile; fileRef = 43D8346126845A75005895DD /* LaunchScreen.storyboard */; };
		CBBE27CF954161F6E930CD2D /* Pods_SearchImage.framework in Frameworks */ = {isa = PBXBuildFile; fileRef = D4756AA7817FCB802E65C3DC /* Pods_SearchImage.framework */; };
/* End PBXBuildFile section */

/* Begin PBXContainerItemProxy section */
		4357B1F826846B4A007A59AE /* PBXContainerItemProxy */ = {
			isa = PBXContainerItemProxy;
			containerPortal = 43D8344B26845A74005895DD /* Project object */;
			proxyType = 1;
			remoteGlobalIDString = 43D8345226845A74005895DD;
			remoteInfo = SearchImage;
		};
		4357B20626846B59007A59AE /* PBXContainerItemProxy */ = {
			isa = PBXContainerItemProxy;
			containerPortal = 43D8344B26845A74005895DD /* Project object */;
			proxyType = 1;
			remoteGlobalIDString = 43D8345226845A74005895DD;
			remoteInfo = SearchImage;
		};
/* End PBXContainerItemProxy section */

/* Begin PBXFileReference section */
		269A8A4E3268DDC3A28050CF /* Pods-SearchImage.debug.xcconfig */ = {isa = PBXFileReference; includeInIndex = 1; lastKnownFileType = text.xcconfig; name = "Pods-SearchImage.debug.xcconfig"; path = "Target Support Files/Pods-SearchImage/Pods-SearchImage.debug.xcconfig"; sourceTree = "<group>"; };
		4357B1ED26846621007A59AE /* MainCell.swift */ = {isa = PBXFileReference; lastKnownFileType = sourcecode.swift; path = MainCell.swift; sourceTree = "<group>"; };
		4357B1F326846B4A007A59AE /* SearchImageTests.xctest */ = {isa = PBXFileReference; explicitFileType = wrapper.cfbundle; includeInIndex = 0; path = SearchImageTests.xctest; sourceTree = BUILT_PRODUCTS_DIR; };
		4357B1F526846B4A007A59AE /* SearchImageTests.swift */ = {isa = PBXFileReference; lastKnownFileType = sourcecode.swift; path = SearchImageTests.swift; sourceTree = "<group>"; };
		4357B1F726846B4A007A59AE /* Info.plist */ = {isa = PBXFileReference; lastKnownFileType = text.plist.xml; path = Info.plist; sourceTree = "<group>"; };
		4357B20126846B59007A59AE /* SearchImageUITests.xctest */ = {isa = PBXFileReference; explicitFileType = wrapper.cfbundle; includeInIndex = 0; path = SearchImageUITests.xctest; sourceTree = BUILT_PRODUCTS_DIR; };
		4357B20326846B59007A59AE /* SearchImageUITests.swift */ = {isa = PBXFileReference; lastKnownFileType = sourcecode.swift; path = SearchImageUITests.swift; sourceTree = "<group>"; };
		4357B20526846B59007A59AE /* Info.plist */ = {isa = PBXFileReference; lastKnownFileType = text.plist.xml; path = Info.plist; sourceTree = "<group>"; };
		4357B20B26849570007A59AE /* DetailViewController.swift */ = {isa = PBXFileReference; lastKnownFileType = sourcecode.swift; path = DetailViewController.swift; sourceTree = "<group>"; };
		4357B20D26857AF6007A59AE /* DetailCell.swift */ = {isa = PBXFileReference; lastKnownFileType = sourcecode.swift; path = DetailCell.swift; sourceTree = "<group>"; };
		4357B20F268589AD007A59AE /* MainViewModel.swift */ = {isa = PBXFileReference; lastKnownFileType = sourcecode.swift; path = MainViewModel.swift; sourceTree = "<group>"; };
		4357B211268589BB007A59AE /* DetailViewModel.swift */ = {isa = PBXFileReference; lastKnownFileType = sourcecode.swift; path = DetailViewModel.swift; sourceTree = "<group>"; };
		4357B21326858A95007A59AE /* SearchModel.swift */ = {isa = PBXFileReference; lastKnownFileType = sourcecode.swift; path = SearchModel.swift; sourceTree = "<group>"; };
		4357B21626859D29007A59AE /* BaseAPI.swift */ = {isa = PBXFileReference; lastKnownFileType = sourcecode.swift; path = BaseAPI.swift; sourceTree = "<group>"; };
		43D8345326845A74005895DD /* SearchImage.app */ = {isa = PBXFileReference; explicitFileType = wrapper.application; includeInIndex = 0; path = SearchImage.app; sourceTree = BUILT_PRODUCTS_DIR; };
		43D8345626845A74005895DD /* AppDelegate.swift */ = {isa = PBXFileReference; lastKnownFileType = sourcecode.swift; path = AppDelegate.swift; sourceTree = "<group>"; };
		43D8345826845A74005895DD /* SceneDelegate.swift */ = {isa = PBXFileReference; lastKnownFileType = sourcecode.swift; path = SceneDelegate.swift; sourceTree = "<group>"; };
		43D8345A26845A74005895DD /* MainViewController.swift */ = {isa = PBXFileReference; lastKnownFileType = sourcecode.swift; path = MainViewController.swift; sourceTree = "<group>"; };
		43D8345D26845A74005895DD /* Base */ = {isa = PBXFileReference; lastKnownFileType = file.storyboard; name = Base; path = Base.lproj/Main.storyboard; sourceTree = "<group>"; };
		43D8345F26845A75005895DD /* Assets.xcassets */ = {isa = PBXFileReference; lastKnownFileType = folder.assetcatalog; path = Assets.xcassets; sourceTree = "<group>"; };
		43D8346226845A75005895DD /* Base */ = {isa = PBXFileReference; lastKnownFileType = file.storyboard; name = Base; path = Base.lproj/LaunchScreen.storyboard; sourceTree = "<group>"; };
		43D8346426845A75005895DD /* Info.plist */ = {isa = PBXFileReference; lastKnownFileType = text.plist.xml; path = Info.plist; sourceTree = "<group>"; };
		58101D9876105C58BC809169 /* Pods-SearchImage.release.xcconfig */ = {isa = PBXFileReference; includeInIndex = 1; lastKnownFileType = text.xcconfig; name = "Pods-SearchImage.release.xcconfig"; path = "Target Support Files/Pods-SearchImage/Pods-SearchImage.release.xcconfig"; sourceTree = "<group>"; };
		D4756AA7817FCB802E65C3DC /* Pods_SearchImage.framework */ = {isa = PBXFileReference; explicitFileType = wrapper.framework; includeInIndex = 0; path = Pods_SearchImage.framework; sourceTree = BUILT_PRODUCTS_DIR; };
/* End PBXFileReference section */

/* Begin PBXFrameworksBuildPhase section */
		4357B1F026846B4A007A59AE /* Frameworks */ = {
			isa = PBXFrameworksBuildPhase;
			buildActionMask = 2147483647;
			files = (
			);
			runOnlyForDeploymentPostprocessing = 0;
		};
		4357B1FE26846B59007A59AE /* Frameworks */ = {
			isa = PBXFrameworksBuildPhase;
			buildActionMask = 2147483647;
			files = (
			);
			runOnlyForDeploymentPostprocessing = 0;
		};
		43D8345026845A74005895DD /* Frameworks */ = {
			isa = PBXFrameworksBuildPhase;
			buildActionMask = 2147483647;
			files = (
				CBBE27CF954161F6E930CD2D /* Pods_SearchImage.framework in Frameworks */,
			);
			runOnlyForDeploymentPostprocessing = 0;
		};
/* End PBXFrameworksBuildPhase section */

/* Begin PBXGroup section */
		4357B1EC268465FB007A59AE /* Cell */ = {
			isa = PBXGroup;
			children = (
				4357B1ED26846621007A59AE /* MainCell.swift */,
				4357B20D26857AF6007A59AE /* DetailCell.swift */,
			);
			path = Cell;
			sourceTree = "<group>";
		};
		4357B1F426846B4A007A59AE /* SearchImageTests */ = {
			isa = PBXGroup;
			children = (
				4357B1F526846B4A007A59AE /* SearchImageTests.swift */,
				4357B1F726846B4A007A59AE /* Info.plist */,
			);
			path = SearchImageTests;
			sourceTree = "<group>";
		};
		4357B20226846B59007A59AE /* SearchImageUITests */ = {
			isa = PBXGroup;
			children = (
				4357B20326846B59007A59AE /* SearchImageUITests.swift */,
				4357B20526846B59007A59AE /* Info.plist */,
			);
			path = SearchImageUITests;
			sourceTree = "<group>";
		};
		4357B21526859CDD007A59AE /* Source */ = {
			isa = PBXGroup;
			children = (
				43D8346F26845AE3005895DD /* Views */,
				43D8346E26845ADB005895DD /* Services */,
				43D8347026845AEB005895DD /* ViewModels */,
				43D8346C26845AB9005895DD /* Models */,
				43D8346A26845A9F005895DD /* Delegates */,
				43D8346B26845AAE005895DD /* Controllers */,
			);
			path = Source;
			sourceTree = "<group>";
		};
		43D8344A26845A74005895DD = {
			isa = PBXGroup;
			children = (
				43D8345526845A74005895DD /* SearchImage */,
				4357B1F426846B4A007A59AE /* SearchImageTests */,
				4357B20226846B59007A59AE /* SearchImageUITests */,
				43D8345426845A74005895DD /* Products */,
				F8146CE810175E21B9F3D031 /* Pods */,
				B27503C10EEFBB26F5DD113F /* Frameworks */,
			);
			sourceTree = "<group>";
		};
		43D8345426845A74005895DD /* Products */ = {
			isa = PBXGroup;
			children = (
				43D8345326845A74005895DD /* SearchImage.app */,
				4357B1F326846B4A007A59AE /* SearchImageTests.xctest */,
				4357B20126846B59007A59AE /* SearchImageUITests.xctest */,
			);
			name = Products;
			sourceTree = "<group>";
		};
		43D8345526845A74005895DD /* SearchImage */ = {
			isa = PBXGroup;
			children = (
				43D8346426845A75005895DD /* Info.plist */,
				43D8346D26845AC6005895DD /* Resources */,
				4357B21526859CDD007A59AE /* Source */,
			);
			path = SearchImage;
			sourceTree = "<group>";
		};
		43D8346A26845A9F005895DD /* Delegates */ = {
			isa = PBXGroup;
			children = (
				43D8345626845A74005895DD /* AppDelegate.swift */,
				43D8345826845A74005895DD /* SceneDelegate.swift */,
			);
			path = Delegates;
			sourceTree = "<group>";
		};
		43D8346B26845AAE005895DD /* Controllers */ = {
			isa = PBXGroup;
			children = (
				4357B1EC268465FB007A59AE /* Cell */,
				43D8345A26845A74005895DD /* MainViewController.swift */,
				4357B20B26849570007A59AE /* DetailViewController.swift */,
			);
			path = Controllers;
			sourceTree = "<group>";
		};
		43D8346C26845AB9005895DD /* Models */ = {
			isa = PBXGroup;
			children = (
				4357B21326858A95007A59AE /* SearchModel.swift */,
			);
			path = Models;
			sourceTree = "<group>";
		};
		43D8346D26845AC6005895DD /* Resources */ = {
			isa = PBXGroup;
			children = (
				43D8345F26845A75005895DD /* Assets.xcassets */,
			);
			path = Resources;
			sourceTree = "<group>";
		};
		43D8346E26845ADB005895DD /* Services */ = {
			isa = PBXGroup;
			children = (
				4357B21626859D29007A59AE /* BaseAPI.swift */,
			);
			path = Services;
			sourceTree = "<group>";
		};
		43D8346F26845AE3005895DD /* Views */ = {
			isa = PBXGroup;
			children = (
				43D8345C26845A74005895DD /* Main.storyboard */,
				43D8346126845A75005895DD /* LaunchScreen.storyboard */,
			);
			path = Views;
			sourceTree = "<group>";
		};
		43D8347026845AEB005895DD /* ViewModels */ = {
			isa = PBXGroup;
			children = (
				4357B20F268589AD007A59AE /* MainViewModel.swift */,
				4357B211268589BB007A59AE /* DetailViewModel.swift */,
			);
			path = ViewModels;
			sourceTree = "<group>";
		};
		B27503C10EEFBB26F5DD113F /* Frameworks */ = {
			isa = PBXGroup;
			children = (
				D4756AA7817FCB802E65C3DC /* Pods_SearchImage.framework */,
			);
			name = Frameworks;
			sourceTree = "<group>";
		};
		F8146CE810175E21B9F3D031 /* Pods */ = {
			isa = PBXGroup;
			children = (
				269A8A4E3268DDC3A28050CF /* Pods-SearchImage.debug.xcconfig */,
				58101D9876105C58BC809169 /* Pods-SearchImage.release.xcconfig */,
			);
			path = Pods;
			sourceTree = "<group>";
		};
/* End PBXGroup section */

/* Begin PBXNativeTarget section */
		4357B1F226846B4A007A59AE /* SearchImageTests */ = {
			isa = PBXNativeTarget;
			buildConfigurationList = 4357B1FA26846B4A007A59AE /* Build configuration list for PBXNativeTarget "SearchImageTests" */;
			buildPhases = (
				4357B1EF26846B4A007A59AE /* Sources */,
				4357B1F026846B4A007A59AE /* Frameworks */,
				4357B1F126846B4A007A59AE /* Resources */,
			);
			buildRules = (
			);
			dependencies = (
				4357B1F926846B4A007A59AE /* PBXTargetDependency */,
			);
			name = SearchImageTests;
			productName = SearchImageTests;
			productReference = 4357B1F326846B4A007A59AE /* SearchImageTests.xctest */;
			productType = "com.apple.product-type.bundle.unit-test";
		};
		4357B20026846B59007A59AE /* SearchImageUITests */ = {
			isa = PBXNativeTarget;
			buildConfigurationList = 4357B20826846B59007A59AE /* Build configuration list for PBXNativeTarget "SearchImageUITests" */;
			buildPhases = (
				4357B1FD26846B59007A59AE /* Sources */,
				4357B1FE26846B59007A59AE /* Frameworks */,
				4357B1FF26846B59007A59AE /* Resources */,
			);
			buildRules = (
			);
			dependencies = (
				4357B20726846B59007A59AE /* PBXTargetDependency */,
			);
			name = SearchImageUITests;
			productName = SearchImageUITests;
			productReference = 4357B20126846B59007A59AE /* SearchImageUITests.xctest */;
			productType = "com.apple.product-type.bundle.ui-testing";
		};
		43D8345226845A74005895DD /* SearchImage */ = {
			isa = PBXNativeTarget;
			buildConfigurationList = 43D8346726845A75005895DD /* Build configuration list for PBXNativeTarget "SearchImage" */;
			buildPhases = (
				AFFD3EF92E0773B3D4626487 /* [CP] Check Pods Manifest.lock */,
				43D8344F26845A74005895DD /* Sources */,
				43D8345026845A74005895DD /* Frameworks */,
				43D8345126845A74005895DD /* Resources */,
				B8D4A5124EFFB9D5A7F804BE /* [CP] Embed Pods Frameworks */,
			);
			buildRules = (
			);
			dependencies = (
			);
			name = SearchImage;
			productName = SearchImage;
			productReference = 43D8345326845A74005895DD /* SearchImage.app */;
			productType = "com.apple.product-type.application";
		};
/* End PBXNativeTarget section */

/* Begin PBXProject section */
		43D8344B26845A74005895DD /* Project object */ = {
			isa = PBXProject;
			attributes = {
				LastSwiftUpdateCheck = 1250;
				LastUpgradeCheck = 1250;
				TargetAttributes = {
					4357B1F226846B4A007A59AE = {
						CreatedOnToolsVersion = 12.5;
						TestTargetID = 43D8345226845A74005895DD;
					};
					4357B20026846B59007A59AE = {
						CreatedOnToolsVersion = 12.5;
						TestTargetID = 43D8345226845A74005895DD;
					};
					43D8345226845A74005895DD = {
						CreatedOnToolsVersion = 12.5;
					};
				};
			};
			buildConfigurationList = 43D8344E26845A74005895DD /* Build configuration list for PBXProject "SearchImage" */;
			compatibilityVersion = "Xcode 9.3";
			developmentRegion = en;
			hasScannedForEncodings = 0;
			knownRegions = (
				en,
				Base,
			);
			mainGroup = 43D8344A26845A74005895DD;
			productRefGroup = 43D8345426845A74005895DD /* Products */;
			projectDirPath = "";
			projectRoot = "";
			targets = (
				43D8345226845A74005895DD /* SearchImage */,
				4357B1F226846B4A007A59AE /* SearchImageTests */,
				4357B20026846B59007A59AE /* SearchImageUITests */,
			);
		};
/* End PBXProject section */

/* Begin PBXResourcesBuildPhase section */
		4357B1F126846B4A007A59AE /* Resources */ = {
			isa = PBXResourcesBuildPhase;
			buildActionMask = 2147483647;
			files = (
			);
			runOnlyForDeploymentPostprocessing = 0;
		};
		4357B1FF26846B59007A59AE /* Resources */ = {
			isa = PBXResourcesBuildPhase;
			buildActionMask = 2147483647;
			files = (
			);
			runOnlyForDeploymentPostprocessing = 0;
		};
		43D8345126845A74005895DD /* Resources */ = {
			isa = PBXResourcesBuildPhase;
			buildActionMask = 2147483647;
			files = (
				43D8346326845A75005895DD /* LaunchScreen.storyboard in Resources */,
				43D8346026845A75005895DD /* Assets.xcassets in Resources */,
				43D8345E26845A74005895DD /* Main.storyboard in Resources */,
			);
			runOnlyForDeploymentPostprocessing = 0;
		};
/* End PBXResourcesBuildPhase section */

/* Begin PBXShellScriptBuildPhase section */
		AFFD3EF92E0773B3D4626487 /* [CP] Check Pods Manifest.lock */ = {
			isa = PBXShellScriptBuildPhase;
			buildActionMask = 2147483647;
			files = (
			);
			inputFileListPaths = (
			);
			inputPaths = (
				"${PODS_PODFILE_DIR_PATH}/Podfile.lock",
				"${PODS_ROOT}/Manifest.lock",
			);
			name = "[CP] Check Pods Manifest.lock";
			outputFileListPaths = (
			);
			outputPaths = (
				"$(DERIVED_FILE_DIR)/Pods-SearchImage-checkManifestLockResult.txt",
			);
			runOnlyForDeploymentPostprocessing = 0;
			shellPath = /bin/sh;
			shellScript = "diff \"${PODS_PODFILE_DIR_PATH}/Podfile.lock\" \"${PODS_ROOT}/Manifest.lock\" > /dev/null\nif [ $? != 0 ] ; then\n    # print error to STDERR\n    echo \"error: The sandbox is not in sync with the Podfile.lock. Run 'pod install' or update your CocoaPods installation.\" >&2\n    exit 1\nfi\n# This output is used by Xcode 'outputs' to avoid re-running this script phase.\necho \"SUCCESS\" > \"${SCRIPT_OUTPUT_FILE_0}\"\n";
			showEnvVarsInLog = 0;
		};
		B8D4A5124EFFB9D5A7F804BE /* [CP] Embed Pods Frameworks */ = {
			isa = PBXShellScriptBuildPhase;
			buildActionMask = 2147483647;
			files = (
			);
			inputFileListPaths = (
				"${PODS_ROOT}/Target Support Files/Pods-SearchImage/Pods-SearchImage-frameworks-${CONFIGURATION}-input-files.xcfilelist",
			);
			name = "[CP] Embed Pods Frameworks";
			outputFileListPaths = (
				"${PODS_ROOT}/Target Support Files/Pods-SearchImage/Pods-SearchImage-frameworks-${CONFIGURATION}-output-files.xcfilelist",
			);
			runOnlyForDeploymentPostprocessing = 0;
			shellPath = /bin/sh;
			shellScript = "\"${PODS_ROOT}/Target Support Files/Pods-SearchImage/Pods-SearchImage-frameworks.sh\"\n";
			showEnvVarsInLog = 0;
		};
/* End PBXShellScriptBuildPhase section */

/* Begin PBXSourcesBuildPhase section */
		4357B1EF26846B4A007A59AE /* Sources */ = {
			isa = PBXSourcesBuildPhase;
			buildActionMask = 2147483647;
			files = (
				4357B1F626846B4A007A59AE /* SearchImageTests.swift in Sources */,
			);
			runOnlyForDeploymentPostprocessing = 0;
		};
		4357B1FD26846B59007A59AE /* Sources */ = {
			isa = PBXSourcesBuildPhase;
			buildActionMask = 2147483647;
			files = (
				4357B20426846B59007A59AE /* SearchImageUITests.swift in Sources */,
			);
			runOnlyForDeploymentPostprocessing = 0;
		};
		43D8344F26845A74005895DD /* Sources */ = {
			isa = PBXSourcesBuildPhase;
			buildActionMask = 2147483647;
			files = (
				4357B210268589AD007A59AE /* MainViewModel.swift in Sources */,
				4357B21426858A95007A59AE /* SearchModel.swift in Sources */,
				43D8345B26845A74005895DD /* MainViewController.swift in Sources */,
				4357B1EE26846621007A59AE /* MainCell.swift in Sources */,
				4357B20E26857AF6007A59AE /* DetailCell.swift in Sources */,
				4357B20C26849570007A59AE /* DetailViewController.swift in Sources */,
				43D8345726845A74005895DD /* AppDelegate.swift in Sources */,
				43D8345926845A74005895DD /* SceneDelegate.swift in Sources */,
				4357B212268589BB007A59AE /* DetailViewModel.swift in Sources */,
				4357B21726859D29007A59AE /* BaseAPI.swift in Sources */,
			);
			runOnlyForDeploymentPostprocessing = 0;
		};
/* End PBXSourcesBuildPhase section */

/* Begin PBXTargetDependency section */
		4357B1F926846B4A007A59AE /* PBXTargetDependency */ = {
			isa = PBXTargetDependency;
			target = 43D8345226845A74005895DD /* SearchImage */;
			targetProxy = 4357B1F826846B4A007A59AE /* PBXContainerItemProxy */;
		};
		4357B20726846B59007A59AE /* PBXTargetDependency */ = {
			isa = PBXTargetDependency;
			target = 43D8345226845A74005895DD /* SearchImage */;
			targetProxy = 4357B20626846B59007A59AE /* PBXContainerItemProxy */;
		};
/* End PBXTargetDependency section */

/* Begin PBXVariantGroup section */
		43D8345C26845A74005895DD /* Main.storyboard */ = {
			isa = PBXVariantGroup;
			children = (
				43D8345D26845A74005895DD /* Base */,
			);
			name = Main.storyboard;
			sourceTree = "<group>";
		};
		43D8346126845A75005895DD /* LaunchScreen.storyboard */ = {
			isa = PBXVariantGroup;
			children = (
				43D8346226845A75005895DD /* Base */,
			);
			name = LaunchScreen.storyboard;
			sourceTree = "<group>";
		};
/* End PBXVariantGroup section */

/* Begin XCBuildConfiguration section */
		4357B1FB26846B4A007A59AE /* Debug */ = {
			isa = XCBuildConfiguration;
			buildSettings = {
				BUNDLE_LOADER = "$(TEST_HOST)";
				CODE_SIGN_STYLE = Automatic;
				DEVELOPMENT_TEAM = A58343K98Z;
				INFOPLIST_FILE = SearchImageTests/Info.plist;
				LD_RUNPATH_SEARCH_PATHS = (
					"$(inherited)",
					"@executable_path/Frameworks",
					"@loader_path/Frameworks",
				);
				PRODUCT_BUNDLE_IDENTIFIER = com.jihyun.SearchImageTests;
				PRODUCT_NAME = "$(TARGET_NAME)";
				SWIFT_VERSION = 5.0;
				TARGETED_DEVICE_FAMILY = "1,2";
				TEST_HOST = "$(BUILT_PRODUCTS_DIR)/SearchImage.app/SearchImage";
			};
			name = Debug;
		};
		4357B1FC26846B4A007A59AE /* Release */ = {
			isa = XCBuildConfiguration;
			buildSettings = {
				BUNDLE_LOADER = "$(TEST_HOST)";
				CODE_SIGN_STYLE = Automatic;
				DEVELOPMENT_TEAM = A58343K98Z;
				INFOPLIST_FILE = SearchImageTests/Info.plist;
				LD_RUNPATH_SEARCH_PATHS = (
					"$(inherited)",
					"@executable_path/Frameworks",
					"@loader_path/Frameworks",
				);
				PRODUCT_BUNDLE_IDENTIFIER = com.jihyun.SearchImageTests;
				PRODUCT_NAME = "$(TARGET_NAME)";
				SWIFT_VERSION = 5.0;
				TARGETED_DEVICE_FAMILY = "1,2";
				TEST_HOST = "$(BUILT_PRODUCTS_DIR)/SearchImage.app/SearchImage";
			};
			name = Release;
		};
		4357B20926846B59007A59AE /* Debug */ = {
			isa = XCBuildConfiguration;
			buildSettings = {
				CODE_SIGN_STYLE = Automatic;
				DEVELOPMENT_TEAM = A58343K98Z;
				INFOPLIST_FILE = SearchImageUITests/Info.plist;
				LD_RUNPATH_SEARCH_PATHS = (
					"$(inherited)",
					"@executable_path/Frameworks",
					"@loader_path/Frameworks",
				);
				PRODUCT_BUNDLE_IDENTIFIER = com.jihyun.SearchImageUITests;
				PRODUCT_NAME = "$(TARGET_NAME)";
				SWIFT_VERSION = 5.0;
				TARGETED_DEVICE_FAMILY = "1,2";
				TEST_TARGET_NAME = SearchImage;
			};
			name = Debug;
		};
		4357B20A26846B59007A59AE /* Release */ = {
			isa = XCBuildConfiguration;
			buildSettings = {
				CODE_SIGN_STYLE = Automatic;
				DEVELOPMENT_TEAM = A58343K98Z;
				INFOPLIST_FILE = SearchImageUITests/Info.plist;
				LD_RUNPATH_SEARCH_PATHS = (
					"$(inherited)",
					"@executable_path/Frameworks",
					"@loader_path/Frameworks",
				);
				PRODUCT_BUNDLE_IDENTIFIER = com.jihyun.SearchImageUITests;
				PRODUCT_NAME = "$(TARGET_NAME)";
				SWIFT_VERSION = 5.0;
				TARGETED_DEVICE_FAMILY = "1,2";
				TEST_TARGET_NAME = SearchImage;
			};
			name = Release;
		};
		43D8346526845A75005895DD /* Debug */ = {
			isa = XCBuildConfiguration;
			buildSettings = {
				ALWAYS_SEARCH_USER_PATHS = NO;
				CLANG_ANALYZER_NONNULL = YES;
				CLANG_ANALYZER_NUMBER_OBJECT_CONVERSION = YES_AGGRESSIVE;
				CLANG_CXX_LANGUAGE_STANDARD = "gnu++14";
				CLANG_CXX_LIBRARY = "libc++";
				CLANG_ENABLE_MODULES = YES;
				CLANG_ENABLE_OBJC_ARC = YES;
				CLANG_ENABLE_OBJC_WEAK = YES;
				CLANG_WARN_BLOCK_CAPTURE_AUTORELEASING = YES;
				CLANG_WARN_BOOL_CONVERSION = YES;
				CLANG_WARN_COMMA = YES;
				CLANG_WARN_CONSTANT_CONVERSION = YES;
				CLANG_WARN_DEPRECATED_OBJC_IMPLEMENTATIONS = YES;
				CLANG_WARN_DIRECT_OBJC_ISA_USAGE = YES_ERROR;
				CLANG_WARN_DOCUMENTATION_COMMENTS = YES;
				CLANG_WARN_EMPTY_BODY = YES;
				CLANG_WARN_ENUM_CONVERSION = YES;
				CLANG_WARN_INFINITE_RECURSION = YES;
				CLANG_WARN_INT_CONVERSION = YES;
				CLANG_WARN_NON_LITERAL_NULL_CONVERSION = YES;
				CLANG_WARN_OBJC_IMPLICIT_RETAIN_SELF = YES;
				CLANG_WARN_OBJC_LITERAL_CONVERSION = YES;
				CLANG_WARN_OBJC_ROOT_CLASS = YES_ERROR;
				CLANG_WARN_QUOTED_INCLUDE_IN_FRAMEWORK_HEADER = YES;
				CLANG_WARN_RANGE_LOOP_ANALYSIS = YES;
				CLANG_WARN_STRICT_PROTOTYPES = YES;
				CLANG_WARN_SUSPICIOUS_MOVE = YES;
				CLANG_WARN_UNGUARDED_AVAILABILITY = YES_AGGRESSIVE;
				CLANG_WARN_UNREACHABLE_CODE = YES;
				CLANG_WARN__DUPLICATE_METHOD_MATCH = YES;
				COPY_PHASE_STRIP = NO;
				DEBUG_INFORMATION_FORMAT = dwarf;
				ENABLE_STRICT_OBJC_MSGSEND = YES;
				ENABLE_TESTABILITY = YES;
				GCC_C_LANGUAGE_STANDARD = gnu11;
				GCC_DYNAMIC_NO_PIC = NO;
				GCC_NO_COMMON_BLOCKS = YES;
				GCC_OPTIMIZATION_LEVEL = 0;
				GCC_PREPROCESSOR_DEFINITIONS = (
					"DEBUG=1",
					"$(inherited)",
				);
				GCC_WARN_64_TO_32_BIT_CONVERSION = YES;
				GCC_WARN_ABOUT_RETURN_TYPE = YES_ERROR;
				GCC_WARN_UNDECLARED_SELECTOR = YES;
				GCC_WARN_UNINITIALIZED_AUTOS = YES_AGGRESSIVE;
				GCC_WARN_UNUSED_FUNCTION = YES;
				GCC_WARN_UNUSED_VARIABLE = YES;
				IPHONEOS_DEPLOYMENT_TARGET = 14.5;
				MTL_ENABLE_DEBUG_INFO = INCLUDE_SOURCE;
				MTL_FAST_MATH = YES;
				ONLY_ACTIVE_ARCH = YES;
				SDKROOT = iphoneos;
				SWIFT_ACTIVE_COMPILATION_CONDITIONS = DEBUG;
				SWIFT_OPTIMIZATION_LEVEL = "-Onone";
			};
			name = Debug;
		};
		43D8346626845A75005895DD /* Release */ = {
			isa = XCBuildConfiguration;
			buildSettings = {
				ALWAYS_SEARCH_USER_PATHS = NO;
				CLANG_ANALYZER_NONNULL = YES;
				CLANG_ANALYZER_NUMBER_OBJECT_CONVERSION = YES_AGGRESSIVE;
				CLANG_CXX_LANGUAGE_STANDARD = "gnu++14";
				CLANG_CXX_LIBRARY = "libc++";
				CLANG_ENABLE_MODULES = YES;
				CLANG_ENABLE_OBJC_ARC = YES;
				CLANG_ENABLE_OBJC_WEAK = YES;
				CLANG_WARN_BLOCK_CAPTURE_AUTORELEASING = YES;
				CLANG_WARN_BOOL_CONVERSION = YES;
				CLANG_WARN_COMMA = YES;
				CLANG_WARN_CONSTANT_CONVERSION = YES;
				CLANG_WARN_DEPRECATED_OBJC_IMPLEMENTATIONS = YES;
				CLANG_WARN_DIRECT_OBJC_ISA_USAGE = YES_ERROR;
				CLANG_WARN_DOCUMENTATION_COMMENTS = YES;
				CLANG_WARN_EMPTY_BODY = YES;
				CLANG_WARN_ENUM_CONVERSION = YES;
				CLANG_WARN_INFINITE_RECURSION = YES;
				CLANG_WARN_INT_CONVERSION = YES;
				CLANG_WARN_NON_LITERAL_NULL_CONVERSION = YES;
				CLANG_WARN_OBJC_IMPLICIT_RETAIN_SELF = YES;
				CLANG_WARN_OBJC_LITERAL_CONVERSION = YES;
				CLANG_WARN_OBJC_ROOT_CLASS = YES_ERROR;
				CLANG_WARN_QUOTED_INCLUDE_IN_FRAMEWORK_HEADER = YES;
				CLANG_WARN_RANGE_LOOP_ANALYSIS = YES;
				CLANG_WARN_STRICT_PROTOTYPES = YES;
				CLANG_WARN_SUSPICIOUS_MOVE = YES;
				CLANG_WARN_UNGUARDED_AVAILABILITY = YES_AGGRESSIVE;
				CLANG_WARN_UNREACHABLE_CODE = YES;
				CLANG_WARN__DUPLICATE_METHOD_MATCH = YES;
				COPY_PHASE_STRIP = NO;
				DEBUG_INFORMATION_FORMAT = "dwarf-with-dsym";
				ENABLE_NS_ASSERTIONS = NO;
				ENABLE_STRICT_OBJC_MSGSEND = YES;
				GCC_C_LANGUAGE_STANDARD = gnu11;
				GCC_NO_COMMON_BLOCKS = YES;
				GCC_WARN_64_TO_32_BIT_CONVERSION = YES;
				GCC_WARN_ABOUT_RETURN_TYPE = YES_ERROR;
				GCC_WARN_UNDECLARED_SELECTOR = YES;
				GCC_WARN_UNINITIALIZED_AUTOS = YES_AGGRESSIVE;
				GCC_WARN_UNUSED_FUNCTION = YES;
				GCC_WARN_UNUSED_VARIABLE = YES;
				IPHONEOS_DEPLOYMENT_TARGET = 14.5;
				MTL_ENABLE_DEBUG_INFO = NO;
				MTL_FAST_MATH = YES;
				SDKROOT = iphoneos;
				SWIFT_COMPILATION_MODE = wholemodule;
				SWIFT_OPTIMIZATION_LEVEL = "-O";
				VALIDATE_PRODUCT = YES;
			};
			name = Release;
		};
		43D8346826845A75005895DD /* Debug */ = {
			isa = XCBuildConfiguration;
			baseConfigurationReference = 269A8A4E3268DDC3A28050CF /* Pods-SearchImage.debug.xcconfig */;
			buildSettings = {
				ASSETCATALOG_COMPILER_APPICON_NAME = AppIcon;
				ASSETCATALOG_COMPILER_GLOBAL_ACCENT_COLOR_NAME = AccentColor;
				CODE_SIGN_STYLE = Automatic;
				DEVELOPMENT_TEAM = A58343K98Z;
				INFOPLIST_FILE = SearchImage/Info.plist;
				LD_RUNPATH_SEARCH_PATHS = (
					"$(inherited)",
					"@executable_path/Frameworks",
				);
				PRODUCT_BUNDLE_IDENTIFIER = com.jihyun.SearchImage;
				PRODUCT_NAME = "$(TARGET_NAME)";
				SWIFT_VERSION = 5.0;
				TARGETED_DEVICE_FAMILY = "1,2";
			};
			name = Debug;
		};
		43D8346926845A75005895DD /* Release */ = {
			isa = XCBuildConfiguration;
			baseConfigurationReference = 58101D9876105C58BC809169 /* Pods-SearchImage.release.xcconfig */;
			buildSettings = {
				ASSETCATALOG_COMPILER_APPICON_NAME = AppIcon;
				ASSETCATALOG_COMPILER_GLOBAL_ACCENT_COLOR_NAME = AccentColor;
				CODE_SIGN_STYLE = Automatic;
				DEVELOPMENT_TEAM = A58343K98Z;
				INFOPLIST_FILE = SearchImage/Info.plist;
				LD_RUNPATH_SEARCH_PATHS = (
					"$(inherited)",
					"@executable_path/Frameworks",
				);
				PRODUCT_BUNDLE_IDENTIFIER = com.jihyun.SearchImage;
				PRODUCT_NAME = "$(TARGET_NAME)";
				SWIFT_VERSION = 5.0;
				TARGETED_DEVICE_FAMILY = "1,2";
			};
			name = Release;
		};
/* End XCBuildConfiguration section */

/* Begin XCConfigurationList section */
		4357B1FA26846B4A007A59AE /* Build configuration list for PBXNativeTarget "SearchImageTests" */ = {
			isa = XCConfigurationList;
			buildConfigurations = (
				4357B1FB26846B4A007A59AE /* Debug */,
				4357B1FC26846B4A007A59AE /* Release */,
			);
			defaultConfigurationIsVisible = 0;
			defaultConfigurationName = Release;
		};
		4357B20826846B59007A59AE /* Build configuration list for PBXNativeTarget "SearchImageUITests" */ = {
			isa = XCConfigurationList;
			buildConfigurations = (
				4357B20926846B59007A59AE /* Debug */,
				4357B20A26846B59007A59AE /* Release */,
			);
			defaultConfigurationIsVisible = 0;
			defaultConfigurationName = Release;
		};
		43D8344E26845A74005895DD /* Build configuration list for PBXProject "SearchImage" */ = {
			isa = XCConfigurationList;
			buildConfigurations = (
				43D8346526845A75005895DD /* Debug */,
				43D8346626845A75005895DD /* Release */,
			);
			defaultConfigurationIsVisible = 0;
			defaultConfigurationName = Release;
		};
		43D8346726845A75005895DD /* Build configuration list for PBXNativeTarget "SearchImage" */ = {
			isa = XCConfigurationList;
			buildConfigurations = (
				43D8346826845A75005895DD /* Debug */,
				43D8346926845A75005895DD /* Release */,
			);
			defaultConfigurationIsVisible = 0;
			defaultConfigurationName = Release;
		};
/* End XCConfigurationList section */
	};
	rootObject = 43D8344B26845A74005895DD /* Project object */;
}
